// !$*UTF8*$!
{
	archiveVersion = 1;
	classes = {
	};
	objectVersion = 56;
	objects = {

/* Begin PBXBuildFile section */
		211CCAEB2C54315500DA1983 /* AppDelegate.swift in Sources */ = {isa = PBXBuildFile; fileRef = 211CCAEA2C54315500DA1983 /* AppDelegate.swift */; };
		211CCAED2C54315500DA1983 /* SceneDelegate.swift in Sources */ = {isa = PBXBuildFile; fileRef = 211CCAEC2C54315500DA1983 /* SceneDelegate.swift */; };
		211CCAEF2C54315500DA1983 /* SignInController.swift in Sources */ = {isa = PBXBuildFile; fileRef = 211CCAEE2C54315500DA1983 /* SignInController.swift */; };
		211CCAF42C54315700DA1983 /* Assets.xcassets in Resources */ = {isa = PBXBuildFile; fileRef = 211CCAF32C54315700DA1983 /* Assets.xcassets */; };
		211CCAF72C54315700DA1983 /* Base in Resources */ = {isa = PBXBuildFile; fileRef = 211CCAF62C54315700DA1983 /* Base */; };
		211CCB042C54330E00DA1983 /* FirebaseAuth in Frameworks */ = {isa = PBXBuildFile; productRef = 211CCB032C54330E00DA1983 /* FirebaseAuth */; };
		211CCB062C54330E00DA1983 /* FirebaseDatabase in Frameworks */ = {isa = PBXBuildFile; productRef = 211CCB052C54330E00DA1983 /* FirebaseDatabase */; };
		211CCB082C54330E00DA1983 /* FirebaseFirestore in Frameworks */ = {isa = PBXBuildFile; productRef = 211CCB072C54330E00DA1983 /* FirebaseFirestore */; };
		211CCB0A2C54330E00DA1983 /* FirebaseStorage in Frameworks */ = {isa = PBXBuildFile; productRef = 211CCB092C54330E00DA1983 /* FirebaseStorage */; };
		211CCB0D2C54331E00DA1983 /* Alamofire in Frameworks */ = {isa = PBXBuildFile; productRef = 211CCB0C2C54331E00DA1983 /* Alamofire */; };
		211CCB0F2C54331E00DA1983 /* AlamofireDynamic in Frameworks */ = {isa = PBXBuildFile; productRef = 211CCB0E2C54331E00DA1983 /* AlamofireDynamic */; };
		211CCB122C54332E00DA1983 /* SnapKit in Frameworks */ = {isa = PBXBuildFile; productRef = 211CCB112C54332E00DA1983 /* SnapKit */; };
		211CCB142C54332E00DA1983 /* SnapKit-Dynamic in Frameworks */ = {isa = PBXBuildFile; productRef = 211CCB132C54332E00DA1983 /* SnapKit-Dynamic */; };
		211CCB172C5435D400DA1983 /* Product.swift in Sources */ = {isa = PBXBuildFile; fileRef = 211CCB162C5435D400DA1983 /* Product.swift */; };
		211CCB192C54360300DA1983 /* WebService.swift in Sources */ = {isa = PBXBuildFile; fileRef = 211CCB182C54360300DA1983 /* WebService.swift */; };
		211CCB1B2C54364200DA1983 /* WebHelper.swift in Sources */ = {isa = PBXBuildFile; fileRef = 211CCB1A2C54364200DA1983 /* WebHelper.swift */; };
		211CCB1D2C54368C00DA1983 /* NetworkManager.swift in Sources */ = {isa = PBXBuildFile; fileRef = 211CCB1C2C54368C00DA1983 /* NetworkManager.swift */; };
		211CCB1F2C54369D00DA1983 /* NetworkHelper.swift in Sources */ = {isa = PBXBuildFile; fileRef = 211CCB1E2C54369D00DA1983 /* NetworkHelper.swift */; };
		211CCB282C543C4700DA1983 /* User.swift in Sources */ = {isa = PBXBuildFile; fileRef = 211CCB272C543C4700DA1983 /* User.swift */; };
		211CCB2A2C543C5E00DA1983 /* AuthViewModel.swift in Sources */ = {isa = PBXBuildFile; fileRef = 211CCB292C543C5E00DA1983 /* AuthViewModel.swift */; };
		211CCB2C2C543C7B00DA1983 /* SignUpController.swift in Sources */ = {isa = PBXBuildFile; fileRef = 211CCB2B2C543C7B00DA1983 /* SignUpController.swift */; };
		211CCB302C543CBE00DA1983 /* SignUpView.swift in Sources */ = {isa = PBXBuildFile; fileRef = 211CCB2F2C543CBE00DA1983 /* SignUpView.swift */; };
		211CCB332C543E3D00DA1983 /* CustomLabel.swift in Sources */ = {isa = PBXBuildFile; fileRef = 211CCB322C543E3D00DA1983 /* CustomLabel.swift */; };
		211CCB352C543E6700DA1983 /* CustomStackView.swift in Sources */ = {isa = PBXBuildFile; fileRef = 211CCB342C543E6700DA1983 /* CustomStackView.swift */; };
		211CCB372C543E9700DA1983 /* CustomTextField.swift in Sources */ = {isa = PBXBuildFile; fileRef = 211CCB362C543E9700DA1983 /* CustomTextField.swift */; };
		211CCB392C543ECE00DA1983 /* CustomButton.swift in Sources */ = {isa = PBXBuildFile; fileRef = 211CCB382C543ECE00DA1983 /* CustomButton.swift */; };
		211CCB3B2C543F1300DA1983 /* Extensions.swift in Sources */ = {isa = PBXBuildFile; fileRef = 211CCB3A2C543F1300DA1983 /* Extensions.swift */; };
		211CCB3E2C54409500DA1983 /* CustomAlert.swift in Sources */ = {isa = PBXBuildFile; fileRef = 211CCB3D2C54409500DA1983 /* CustomAlert.swift */; };
		211CCB402C54431400DA1983 /* GoogleService-Info.plist in Resources */ = {isa = PBXBuildFile; fileRef = 211CCB3F2C54431400DA1983 /* GoogleService-Info.plist */; };
		211CCB422C550A6E00DA1983 /* SignInView.swift in Sources */ = {isa = PBXBuildFile; fileRef = 211CCB412C550A6E00DA1983 /* SignInView.swift */; };
		211CCB452C550CCA00DA1983 /* MainTabBarController.swift in Sources */ = {isa = PBXBuildFile; fileRef = 211CCB442C550CCA00DA1983 /* MainTabBarController.swift */; };
		211CCB482C550CEB00DA1983 /* HomeController.swift in Sources */ = {isa = PBXBuildFile; fileRef = 211CCB472C550CEB00DA1983 /* HomeController.swift */; };
		211CCB4C2C550FAD00DA1983 /* ProductsViewModel.swift in Sources */ = {isa = PBXBuildFile; fileRef = 211CCB4B2C550FAD00DA1983 /* ProductsViewModel.swift */; };
		211CCB4E2C550FE300DA1983 /* HomeProfileViewModel.swift in Sources */ = {isa = PBXBuildFile; fileRef = 211CCB4D2C550FE300DA1983 /* HomeProfileViewModel.swift */; };
		211CCB512C55105A00DA1983 /* ProductCollectionCell.swift in Sources */ = {isa = PBXBuildFile; fileRef = 211CCB502C55105A00DA1983 /* ProductCollectionCell.swift */; };
		211CCB532C55108A00DA1983 /* CustomView.swift in Sources */ = {isa = PBXBuildFile; fileRef = 211CCB522C55108A00DA1983 /* CustomView.swift */; };
		211CCB552C55109C00DA1983 /* CustomImageView.swift in Sources */ = {isa = PBXBuildFile; fileRef = 211CCB542C55109C00DA1983 /* CustomImageView.swift */; };
		211CCB572C55111200DA1983 /* HomeView.swift in Sources */ = {isa = PBXBuildFile; fileRef = 211CCB562C55111200DA1983 /* HomeView.swift */; };
		211CCB592C55113C00DA1983 /* CustomSearchBar.swift in Sources */ = {isa = PBXBuildFile; fileRef = 211CCB582C55113C00DA1983 /* CustomSearchBar.swift */; };
		211CCB5B2C55116200DA1983 /* CustomCollectionView.swift in Sources */ = {isa = PBXBuildFile; fileRef = 211CCB5A2C55116200DA1983 /* CustomCollectionView.swift */; };
		211CCB5D2C5511B400DA1983 /* CustomPageControl.swift in Sources */ = {isa = PBXBuildFile; fileRef = 211CCB5C2C5511B400DA1983 /* CustomPageControl.swift */; };
		211CCB632C5512A000DA1983 /* CustomSearchController.swift in Sources */ = {isa = PBXBuildFile; fileRef = 211CCB622C5512A000DA1983 /* CustomSearchController.swift */; };
		211CCB682C55351800DA1983 /* ProductDetailViewModel.swift in Sources */ = {isa = PBXBuildFile; fileRef = 211CCB672C55351800DA1983 /* ProductDetailViewModel.swift */; };
		211CCB6A2C55353500DA1983 /* ProductDetailController.swift in Sources */ = {isa = PBXBuildFile; fileRef = 211CCB692C55353500DA1983 /* ProductDetailController.swift */; };
		211CCB6C2C55355800DA1983 /* ProductDetailView.swift in Sources */ = {isa = PBXBuildFile; fileRef = 211CCB6B2C55355800DA1983 /* ProductDetailView.swift */; };
		211CCB6F2C5541D900DA1983 /* CartViewModel.swift in Sources */ = {isa = PBXBuildFile; fileRef = 211CCB6E2C5541D900DA1983 /* CartViewModel.swift */; };
		211CCB752C55427500DA1983 /* CartView.swift in Sources */ = {isa = PBXBuildFile; fileRef = 211CCB742C55427500DA1983 /* CartView.swift */; };
		211CCB772C55428200DA1983 /* CartController.swift in Sources */ = {isa = PBXBuildFile; fileRef = 211CCB762C55428200DA1983 /* CartController.swift */; };
		211CCB792C55429400DA1983 /* CartCollectionCell.swift in Sources */ = {isa = PBXBuildFile; fileRef = 211CCB782C55429400DA1983 /* CartCollectionCell.swift */; };
		211CCB7C2C55456800DA1983 /* CustomPresentationController.swift in Sources */ = {isa = PBXBuildFile; fileRef = 211CCB7B2C55456800DA1983 /* CustomPresentationController.swift */; };
		211CCB7F2C554D1F00DA1983 /* CheckoutModel.swift in Sources */ = {isa = PBXBuildFile; fileRef = 211CCB7E2C554D1F00DA1983 /* CheckoutModel.swift */; };
		211CCB812C554D3300DA1983 /* CheckoutController.swift in Sources */ = {isa = PBXBuildFile; fileRef = 211CCB802C554D3300DA1983 /* CheckoutController.swift */; };
		211CCB832C554D4700DA1983 /* CheckoutView.swift in Sources */ = {isa = PBXBuildFile; fileRef = 211CCB822C554D4700DA1983 /* CheckoutView.swift */; };
		211CCB882C5613FE00DA1983 /* ProfileViewModel.swift in Sources */ = {isa = PBXBuildFile; fileRef = 211CCB872C5613FE00DA1983 /* ProfileViewModel.swift */; };
		211CCB8A2C56140800DA1983 /* ProfileController.swift in Sources */ = {isa = PBXBuildFile; fileRef = 211CCB892C56140800DA1983 /* ProfileController.swift */; };
		211CCB8C2C56140E00DA1983 /* ProfileView.swift in Sources */ = {isa = PBXBuildFile; fileRef = 211CCB8B2C56140E00DA1983 /* ProfileView.swift */; };
		211CCB912C5614BC00DA1983 /* ResetPasswordViewModel.swift in Sources */ = {isa = PBXBuildFile; fileRef = 211CCB902C5614BC00DA1983 /* ResetPasswordViewModel.swift */; };
		211CCB932C5614C900DA1983 /* ResetPasswordView.swift in Sources */ = {isa = PBXBuildFile; fileRef = 211CCB922C5614C900DA1983 /* ResetPasswordView.swift */; };
		211CCB952C5614DC00DA1983 /* ResetPasswordController.swift in Sources */ = {isa = PBXBuildFile; fileRef = 211CCB942C5614DC00DA1983 /* ResetPasswordController.swift */; };
		211CCB9A2C56389800DA1983 /* OrderHistoryViewModel.swift in Sources */ = {isa = PBXBuildFile; fileRef = 211CCB992C56389800DA1983 /* OrderHistoryViewModel.swift */; };
		211CCB9C2C5638A600DA1983 /* OrderHistoryController.swift in Sources */ = {isa = PBXBuildFile; fileRef = 211CCB9B2C5638A600DA1983 /* OrderHistoryController.swift */; };
		211CCB9E2C5638C200DA1983 /* OrderHistoryView.swift in Sources */ = {isa = PBXBuildFile; fileRef = 211CCB9D2C5638C200DA1983 /* OrderHistoryView.swift */; };
		211CCBA02C563AAF00DA1983 /* OrderCollectionCell.swift in Sources */ = {isa = PBXBuildFile; fileRef = 211CCB9F2C563AAF00DA1983 /* OrderCollectionCell.swift */; };
		211CCBA22C563B4C00DA1983 /* OrderModel.swift in Sources */ = {isa = PBXBuildFile; fileRef = 211CCBA12C563B4C00DA1983 /* OrderModel.swift */; };
		211CCBA52C565FEB00DA1983 /* PaymentSDK.swift in Sources */ = {isa = PBXBuildFile; fileRef = 211CCBA42C565FEB00DA1983 /* PaymentSDK.swift */; };
		211CCBA72C56601300DA1983 /* PaymentDetailsViewController.swift in Sources */ = {isa = PBXBuildFile; fileRef = 211CCBA62C56601300DA1983 /* PaymentDetailsViewController.swift */; };
		211CCBAA2C56645A00DA1983 /* OTPController.swift in Sources */ = {isa = PBXBuildFile; fileRef = 211CCBA92C56645A00DA1983 /* OTPController.swift */; };
/* End PBXBuildFile section */

/* Begin PBXFileReference section */
		211CCAE72C54315500DA1983 /* E-Commerce.app */ = {isa = PBXFileReference; explicitFileType = wrapper.application; includeInIndex = 0; path = "E-Commerce.app"; sourceTree = BUILT_PRODUCTS_DIR; };
		211CCAEA2C54315500DA1983 /* AppDelegate.swift */ = {isa = PBXFileReference; lastKnownFileType = sourcecode.swift; path = AppDelegate.swift; sourceTree = "<group>"; };
		211CCAEC2C54315500DA1983 /* SceneDelegate.swift */ = {isa = PBXFileReference; lastKnownFileType = sourcecode.swift; path = SceneDelegate.swift; sourceTree = "<group>"; };
		211CCAEE2C54315500DA1983 /* SignInController.swift */ = {isa = PBXFileReference; lastKnownFileType = sourcecode.swift; name = SignInController.swift; path = ../../../SignInController.swift; sourceTree = "<group>"; };
		211CCAF32C54315700DA1983 /* Assets.xcassets */ = {isa = PBXFileReference; lastKnownFileType = folder.assetcatalog; path = Assets.xcassets; sourceTree = "<group>"; };
		211CCAF62C54315700DA1983 /* Base */ = {isa = PBXFileReference; lastKnownFileType = file.storyboard; name = Base; path = Base.lproj/LaunchScreen.storyboard; sourceTree = "<group>"; };
		211CCAF82C54315700DA1983 /* Info.plist */ = {isa = PBXFileReference; lastKnownFileType = text.plist.xml; path = Info.plist; sourceTree = "<group>"; };
		211CCB162C5435D400DA1983 /* Product.swift */ = {isa = PBXFileReference; lastKnownFileType = sourcecode.swift; path = Product.swift; sourceTree = "<group>"; };
		211CCB182C54360300DA1983 /* WebService.swift */ = {isa = PBXFileReference; lastKnownFileType = sourcecode.swift; path = WebService.swift; sourceTree = "<group>"; };
		211CCB1A2C54364200DA1983 /* WebHelper.swift */ = {isa = PBXFileReference; lastKnownFileType = sourcecode.swift; path = WebHelper.swift; sourceTree = "<group>"; };
		211CCB1C2C54368C00DA1983 /* NetworkManager.swift */ = {isa = PBXFileReference; lastKnownFileType = sourcecode.swift; path = NetworkManager.swift; sourceTree = "<group>"; };
		211CCB1E2C54369D00DA1983 /* NetworkHelper.swift */ = {isa = PBXFileReference; lastKnownFileType = sourcecode.swift; path = NetworkHelper.swift; sourceTree = "<group>"; };
		211CCB272C543C4700DA1983 /* User.swift */ = {isa = PBXFileReference; lastKnownFileType = sourcecode.swift; path = User.swift; sourceTree = "<group>"; };
		211CCB292C543C5E00DA1983 /* AuthViewModel.swift */ = {isa = PBXFileReference; lastKnownFileType = sourcecode.swift; path = AuthViewModel.swift; sourceTree = "<group>"; };
		211CCB2B2C543C7B00DA1983 /* SignUpController.swift */ = {isa = PBXFileReference; lastKnownFileType = sourcecode.swift; path = SignUpController.swift; sourceTree = "<group>"; };
		211CCB2F2C543CBE00DA1983 /* SignUpView.swift */ = {isa = PBXFileReference; lastKnownFileType = sourcecode.swift; path = SignUpView.swift; sourceTree = "<group>"; };
		211CCB322C543E3D00DA1983 /* CustomLabel.swift */ = {isa = PBXFileReference; lastKnownFileType = sourcecode.swift; path = CustomLabel.swift; sourceTree = "<group>"; };
		211CCB342C543E6700DA1983 /* CustomStackView.swift */ = {isa = PBXFileReference; lastKnownFileType = sourcecode.swift; path = CustomStackView.swift; sourceTree = "<group>"; };
		211CCB362C543E9700DA1983 /* CustomTextField.swift */ = {isa = PBXFileReference; lastKnownFileType = sourcecode.swift; path = CustomTextField.swift; sourceTree = "<group>"; };
		211CCB382C543ECE00DA1983 /* CustomButton.swift */ = {isa = PBXFileReference; lastKnownFileType = sourcecode.swift; path = CustomButton.swift; sourceTree = "<group>"; };
		211CCB3A2C543F1300DA1983 /* Extensions.swift */ = {isa = PBXFileReference; lastKnownFileType = sourcecode.swift; path = Extensions.swift; sourceTree = "<group>"; };
		211CCB3D2C54409500DA1983 /* CustomAlert.swift */ = {isa = PBXFileReference; lastKnownFileType = sourcecode.swift; path = CustomAlert.swift; sourceTree = "<group>"; };
		211CCB3F2C54431400DA1983 /* GoogleService-Info.plist */ = {isa = PBXFileReference; fileEncoding = 4; lastKnownFileType = text.plist.xml; path = "GoogleService-Info.plist"; sourceTree = "<group>"; };
		211CCB412C550A6E00DA1983 /* SignInView.swift */ = {isa = PBXFileReference; lastKnownFileType = sourcecode.swift; path = SignInView.swift; sourceTree = "<group>"; };
		211CCB442C550CCA00DA1983 /* MainTabBarController.swift */ = {isa = PBXFileReference; lastKnownFileType = sourcecode.swift; path = MainTabBarController.swift; sourceTree = "<group>"; };
		211CCB472C550CEB00DA1983 /* HomeController.swift */ = {isa = PBXFileReference; lastKnownFileType = sourcecode.swift; path = HomeController.swift; sourceTree = "<group>"; };
		211CCB4B2C550FAD00DA1983 /* ProductsViewModel.swift */ = {isa = PBXFileReference; lastKnownFileType = sourcecode.swift; path = ProductsViewModel.swift; sourceTree = "<group>"; };
		211CCB4D2C550FE300DA1983 /* HomeProfileViewModel.swift */ = {isa = PBXFileReference; lastKnownFileType = sourcecode.swift; path = HomeProfileViewModel.swift; sourceTree = "<group>"; };
		211CCB502C55105A00DA1983 /* ProductCollectionCell.swift */ = {isa = PBXFileReference; lastKnownFileType = sourcecode.swift; path = ProductCollectionCell.swift; sourceTree = "<group>"; };
		211CCB522C55108A00DA1983 /* CustomView.swift */ = {isa = PBXFileReference; lastKnownFileType = sourcecode.swift; path = CustomView.swift; sourceTree = "<group>"; };
		211CCB542C55109C00DA1983 /* CustomImageView.swift */ = {isa = PBXFileReference; lastKnownFileType = sourcecode.swift; path = CustomImageView.swift; sourceTree = "<group>"; };
		211CCB562C55111200DA1983 /* HomeView.swift */ = {isa = PBXFileReference; lastKnownFileType = sourcecode.swift; path = HomeView.swift; sourceTree = "<group>"; };
		211CCB582C55113C00DA1983 /* CustomSearchBar.swift */ = {isa = PBXFileReference; lastKnownFileType = sourcecode.swift; path = CustomSearchBar.swift; sourceTree = "<group>"; };
		211CCB5A2C55116200DA1983 /* CustomCollectionView.swift */ = {isa = PBXFileReference; lastKnownFileType = sourcecode.swift; path = CustomCollectionView.swift; sourceTree = "<group>"; };
		211CCB5C2C5511B400DA1983 /* CustomPageControl.swift */ = {isa = PBXFileReference; lastKnownFileType = sourcecode.swift; path = CustomPageControl.swift; sourceTree = "<group>"; };
		211CCB622C5512A000DA1983 /* CustomSearchController.swift */ = {isa = PBXFileReference; lastKnownFileType = sourcecode.swift; path = CustomSearchController.swift; sourceTree = "<group>"; };
		211CCB672C55351800DA1983 /* ProductDetailViewModel.swift */ = {isa = PBXFileReference; lastKnownFileType = sourcecode.swift; path = ProductDetailViewModel.swift; sourceTree = "<group>"; };
		211CCB692C55353500DA1983 /* ProductDetailController.swift */ = {isa = PBXFileReference; lastKnownFileType = sourcecode.swift; path = ProductDetailController.swift; sourceTree = "<group>"; };
		211CCB6B2C55355800DA1983 /* ProductDetailView.swift */ = {isa = PBXFileReference; lastKnownFileType = sourcecode.swift; path = ProductDetailView.swift; sourceTree = "<group>"; };
		211CCB6E2C5541D900DA1983 /* CartViewModel.swift */ = {isa = PBXFileReference; lastKnownFileType = sourcecode.swift; path = CartViewModel.swift; sourceTree = "<group>"; };
		211CCB742C55427500DA1983 /* CartView.swift */ = {isa = PBXFileReference; lastKnownFileType = sourcecode.swift; path = CartView.swift; sourceTree = "<group>"; };
		211CCB762C55428200DA1983 /* CartController.swift */ = {isa = PBXFileReference; lastKnownFileType = sourcecode.swift; path = CartController.swift; sourceTree = "<group>"; };
		211CCB782C55429400DA1983 /* CartCollectionCell.swift */ = {isa = PBXFileReference; lastKnownFileType = sourcecode.swift; path = CartCollectionCell.swift; sourceTree = "<group>"; };
		211CCB7B2C55456800DA1983 /* CustomPresentationController.swift */ = {isa = PBXFileReference; lastKnownFileType = sourcecode.swift; path = CustomPresentationController.swift; sourceTree = "<group>"; };
		211CCB7E2C554D1F00DA1983 /* CheckoutModel.swift */ = {isa = PBXFileReference; lastKnownFileType = sourcecode.swift; path = CheckoutModel.swift; sourceTree = "<group>"; };
		211CCB802C554D3300DA1983 /* CheckoutController.swift */ = {isa = PBXFileReference; lastKnownFileType = sourcecode.swift; path = CheckoutController.swift; sourceTree = "<group>"; };
		211CCB822C554D4700DA1983 /* CheckoutView.swift */ = {isa = PBXFileReference; lastKnownFileType = sourcecode.swift; path = CheckoutView.swift; sourceTree = "<group>"; };
		211CCB872C5613FE00DA1983 /* ProfileViewModel.swift */ = {isa = PBXFileReference; lastKnownFileType = sourcecode.swift; path = ProfileViewModel.swift; sourceTree = "<group>"; };
		211CCB892C56140800DA1983 /* ProfileController.swift */ = {isa = PBXFileReference; lastKnownFileType = sourcecode.swift; path = ProfileController.swift; sourceTree = "<group>"; };
		211CCB8B2C56140E00DA1983 /* ProfileView.swift */ = {isa = PBXFileReference; lastKnownFileType = sourcecode.swift; path = ProfileView.swift; sourceTree = "<group>"; };
		211CCB902C5614BC00DA1983 /* ResetPasswordViewModel.swift */ = {isa = PBXFileReference; lastKnownFileType = sourcecode.swift; path = ResetPasswordViewModel.swift; sourceTree = "<group>"; };
		211CCB922C5614C900DA1983 /* ResetPasswordView.swift */ = {isa = PBXFileReference; lastKnownFileType = sourcecode.swift; path = ResetPasswordView.swift; sourceTree = "<group>"; };
		211CCB942C5614DC00DA1983 /* ResetPasswordController.swift */ = {isa = PBXFileReference; lastKnownFileType = sourcecode.swift; path = ResetPasswordController.swift; sourceTree = "<group>"; };
		211CCB992C56389800DA1983 /* OrderHistoryViewModel.swift */ = {isa = PBXFileReference; lastKnownFileType = sourcecode.swift; path = OrderHistoryViewModel.swift; sourceTree = "<group>"; };
		211CCB9B2C5638A600DA1983 /* OrderHistoryController.swift */ = {isa = PBXFileReference; lastKnownFileType = sourcecode.swift; path = OrderHistoryController.swift; sourceTree = "<group>"; };
		211CCB9D2C5638C200DA1983 /* OrderHistoryView.swift */ = {isa = PBXFileReference; lastKnownFileType = sourcecode.swift; path = OrderHistoryView.swift; sourceTree = "<group>"; };
		211CCB9F2C563AAF00DA1983 /* OrderCollectionCell.swift */ = {isa = PBXFileReference; lastKnownFileType = sourcecode.swift; path = OrderCollectionCell.swift; sourceTree = "<group>"; };
		211CCBA12C563B4C00DA1983 /* OrderModel.swift */ = {isa = PBXFileReference; lastKnownFileType = sourcecode.swift; path = OrderModel.swift; sourceTree = "<group>"; };
		211CCBA42C565FEB00DA1983 /* PaymentSDK.swift */ = {isa = PBXFileReference; lastKnownFileType = sourcecode.swift; path = PaymentSDK.swift; sourceTree = "<group>"; };
		211CCBA62C56601300DA1983 /* PaymentDetailsViewController.swift */ = {isa = PBXFileReference; lastKnownFileType = sourcecode.swift; path = PaymentDetailsViewController.swift; sourceTree = "<group>"; };
		211CCBA92C56645A00DA1983 /* OTPController.swift */ = {isa = PBXFileReference; lastKnownFileType = sourcecode.swift; path = OTPController.swift; sourceTree = "<group>"; };
/* End PBXFileReference section */

/* Begin PBXFrameworksBuildPhase section */
		211CCAE42C54315500DA1983 /* Frameworks */ = {
			isa = PBXFrameworksBuildPhase;
			buildActionMask = 2147483647;
			files = (
				211CCB0D2C54331E00DA1983 /* Alamofire in Frameworks */,
				211CCB0F2C54331E00DA1983 /* AlamofireDynamic in Frameworks */,
				211CCB062C54330E00DA1983 /* FirebaseDatabase in Frameworks */,
				211CCB142C54332E00DA1983 /* SnapKit-Dynamic in Frameworks */,
				211CCB122C54332E00DA1983 /* SnapKit in Frameworks */,
				211CCB0A2C54330E00DA1983 /* FirebaseStorage in Frameworks */,
				211CCB042C54330E00DA1983 /* FirebaseAuth in Frameworks */,
				211CCB082C54330E00DA1983 /* FirebaseFirestore in Frameworks */,
			);
			runOnlyForDeploymentPostprocessing = 0;
		};
/* End PBXFrameworksBuildPhase section */

/* Begin PBXGroup section */
		211CCADE2C54315500DA1983 = {
			isa = PBXGroup;
			children = (
				211CCAE92C54315500DA1983 /* E-Commerce */,
				211CCAE82C54315500DA1983 /* Products */,
			);
			sourceTree = "<group>";
		};
		211CCAE82C54315500DA1983 /* Products */ = {
			isa = PBXGroup;
			children = (
				211CCAE72C54315500DA1983 /* E-Commerce.app */,
			);
			name = Products;
			sourceTree = "<group>";
		};
		211CCAE92C54315500DA1983 /* E-Commerce */ = {
			isa = PBXGroup;
			children = (
				211CCAFF2C5431B500DA1983 /* Core */,
				211CCAFE2C5431B200DA1983 /* Screen */,
				211CCAF82C54315700DA1983 /* Info.plist */,
				211CCB3F2C54431400DA1983 /* GoogleService-Info.plist */,
			);
			path = "E-Commerce";
			sourceTree = "<group>";
		};
		211CCAFE2C5431B200DA1983 /* Screen */ = {
			isa = PBXGroup;
			children = (
				211CCB232C5439F300DA1983 /* Authentication */,
				211CCB432C550CAF00DA1983 /* MainTabBar */,
				211CCB462C550CD800DA1983 /* Home */,
				211CCB642C5534B500DA1983 /* ProductDetail */,
				211CCB6D2C5541A100DA1983 /* Cart */,
				211CCB7D2C554CEE00DA1983 /* Checkout */,
				211CCB962C56385E00DA1983 /* OrderHistory */,
				211CCB842C5613D800DA1983 /* Profile */,
				211CCB8D2C56148B00DA1983 /* ResetPassword */,
				211CCBA82C5660F500DA1983 /* PaymentModule */,
			);
			path = Screen;
			sourceTree = "<group>";
		};
		211CCAFF2C5431B500DA1983 /* Core */ = {
			isa = PBXGroup;
			children = (
				211CCBA32C565FDB00DA1983 /* PaymentSDK */,
				211CCB312C543E2900DA1983 /* CustomViews */,
				211CCB152C54349900DA1983 /* Network */,
				211CCB012C54321200DA1983 /* App */,
				211CCB002C5431FB00DA1983 /* Resources */,
				211CCB3C2C543F2200DA1983 /* Extensions */,
			);
			path = Core;
			sourceTree = "<group>";
		};
		211CCB002C5431FB00DA1983 /* Resources */ = {
			isa = PBXGroup;
			children = (
				211CCAF32C54315700DA1983 /* Assets.xcassets */,
				211CCAF52C54315700DA1983 /* LaunchScreen.storyboard */,
			);
			path = Resources;
			sourceTree = "<group>";
		};
		211CCB012C54321200DA1983 /* App */ = {
			isa = PBXGroup;
			children = (
				211CCAEA2C54315500DA1983 /* AppDelegate.swift */,
				211CCAEC2C54315500DA1983 /* SceneDelegate.swift */,
			);
			path = App;
			sourceTree = "<group>";
		};
		211CCB152C54349900DA1983 /* Network */ = {
			isa = PBXGroup;
			children = (
				211CCB202C5436CC00DA1983 /* Model */,
				211CCB212C54371A00DA1983 /* Service */,
				211CCB222C54372200DA1983 /* Manager */,
			);
			path = Network;
			sourceTree = "<group>";
		};
		211CCB202C5436CC00DA1983 /* Model */ = {
			isa = PBXGroup;
			children = (
				211CCB162C5435D400DA1983 /* Product.swift */,
			);
			path = Model;
			sourceTree = "<group>";
		};
		211CCB212C54371A00DA1983 /* Service */ = {
			isa = PBXGroup;
			children = (
				211CCB182C54360300DA1983 /* WebService.swift */,
				211CCB1A2C54364200DA1983 /* WebHelper.swift */,
			);
			path = Service;
			sourceTree = "<group>";
		};
		211CCB222C54372200DA1983 /* Manager */ = {
			isa = PBXGroup;
			children = (
				211CCB1C2C54368C00DA1983 /* NetworkManager.swift */,
				211CCB1E2C54369D00DA1983 /* NetworkHelper.swift */,
			);
			path = Manager;
			sourceTree = "<group>";
		};
		211CCB232C5439F300DA1983 /* Authentication */ = {
			isa = PBXGroup;
			children = (
				211CCB252C543A1D00DA1983 /* Model */,
				211CCB242C543A1A00DA1983 /* ViewModel */,
				211CCB262C543A3400DA1983 /* View */,
			);
			path = Authentication;
			sourceTree = "<group>";
		};
		211CCB242C543A1A00DA1983 /* ViewModel */ = {
			isa = PBXGroup;
			children = (
				211CCB292C543C5E00DA1983 /* AuthViewModel.swift */,
			);
			path = ViewModel;
			sourceTree = "<group>";
		};
		211CCB252C543A1D00DA1983 /* Model */ = {
			isa = PBXGroup;
			children = (
				211CCB272C543C4700DA1983 /* User.swift */,
			);
			path = Model;
			sourceTree = "<group>";
		};
		211CCB262C543A3400DA1983 /* View */ = {
			isa = PBXGroup;
			children = (
				211CCB2D2C543C8000DA1983 /* SignUp */,
				211CCB2E2C543C8F00DA1983 /* SignIn */,
			);
			path = View;
			sourceTree = "<group>";
		};
		211CCB2D2C543C8000DA1983 /* SignUp */ = {
			isa = PBXGroup;
			children = (
				211CCB2B2C543C7B00DA1983 /* SignUpController.swift */,
				211CCB2F2C543CBE00DA1983 /* SignUpView.swift */,
			);
			path = SignUp;
			sourceTree = "<group>";
		};
		211CCB2E2C543C8F00DA1983 /* SignIn */ = {
			isa = PBXGroup;
			children = (
				211CCAEE2C54315500DA1983 /* SignInController.swift */,
				211CCB412C550A6E00DA1983 /* SignInView.swift */,
			);
			path = SignIn;
			sourceTree = "<group>";
		};
		211CCB312C543E2900DA1983 /* CustomViews */ = {
			isa = PBXGroup;
			children = (
				211CCB322C543E3D00DA1983 /* CustomLabel.swift */,
				211CCB342C543E6700DA1983 /* CustomStackView.swift */,
				211CCB362C543E9700DA1983 /* CustomTextField.swift */,
				211CCB382C543ECE00DA1983 /* CustomButton.swift */,
				211CCB3D2C54409500DA1983 /* CustomAlert.swift */,
				211CCB522C55108A00DA1983 /* CustomView.swift */,
				211CCB542C55109C00DA1983 /* CustomImageView.swift */,
				211CCB582C55113C00DA1983 /* CustomSearchBar.swift */,
				211CCB5A2C55116200DA1983 /* CustomCollectionView.swift */,
				211CCB5C2C5511B400DA1983 /* CustomPageControl.swift */,
				211CCB622C5512A000DA1983 /* CustomSearchController.swift */,
				211CCB7B2C55456800DA1983 /* CustomPresentationController.swift */,
			);
			path = CustomViews;
			sourceTree = "<group>";
		};
		211CCB3C2C543F2200DA1983 /* Extensions */ = {
			isa = PBXGroup;
			children = (
				211CCB3A2C543F1300DA1983 /* Extensions.swift */,
			);
			path = Extensions;
			sourceTree = "<group>";
		};
		211CCB432C550CAF00DA1983 /* MainTabBar */ = {
			isa = PBXGroup;
			children = (
				211CCB442C550CCA00DA1983 /* MainTabBarController.swift */,
			);
			path = MainTabBar;
			sourceTree = "<group>";
		};
		211CCB462C550CD800DA1983 /* Home */ = {
			isa = PBXGroup;
			children = (
				211CCB4A2C550F6F00DA1983 /* ViewModel */,
				211CCB492C550F6C00DA1983 /* View */,
				211CCB472C550CEB00DA1983 /* HomeController.swift */,
				211CCB562C55111200DA1983 /* HomeView.swift */,
			);
			path = Home;
			sourceTree = "<group>";
		};
		211CCB492C550F6C00DA1983 /* View */ = {
			isa = PBXGroup;
			children = (
				211CCB4F2C55103600DA1983 /* Cell */,
			);
			path = View;
			sourceTree = "<group>";
		};
		211CCB4A2C550F6F00DA1983 /* ViewModel */ = {
			isa = PBXGroup;
			children = (
				211CCB4B2C550FAD00DA1983 /* ProductsViewModel.swift */,
				211CCB4D2C550FE300DA1983 /* HomeProfileViewModel.swift */,
			);
			path = ViewModel;
			sourceTree = "<group>";
		};
		211CCB4F2C55103600DA1983 /* Cell */ = {
			isa = PBXGroup;
			children = (
				211CCB502C55105A00DA1983 /* ProductCollectionCell.swift */,
			);
			path = Cell;
			sourceTree = "<group>";
		};
		211CCB642C5534B500DA1983 /* ProductDetail */ = {
			isa = PBXGroup;
			children = (
				211CCB662C5534F300DA1983 /* ViewModel */,
				211CCB652C5534EF00DA1983 /* View */,
			);
			path = ProductDetail;
			sourceTree = "<group>";
		};
		211CCB652C5534EF00DA1983 /* View */ = {
			isa = PBXGroup;
			children = (
				211CCB692C55353500DA1983 /* ProductDetailController.swift */,
				211CCB6B2C55355800DA1983 /* ProductDetailView.swift */,
			);
			path = View;
			sourceTree = "<group>";
		};
		211CCB662C5534F300DA1983 /* ViewModel */ = {
			isa = PBXGroup;
			children = (
				211CCB672C55351800DA1983 /* ProductDetailViewModel.swift */,
			);
			path = ViewModel;
			sourceTree = "<group>";
		};
		211CCB6D2C5541A100DA1983 /* Cart */ = {
			isa = PBXGroup;
			children = (
				211CCB722C55425700DA1983 /* ViewModel */,
				211CCB732C55426000DA1983 /* View */,
			);
			path = Cart;
			sourceTree = "<group>";
		};
		211CCB722C55425700DA1983 /* ViewModel */ = {
			isa = PBXGroup;
			children = (
				211CCB6E2C5541D900DA1983 /* CartViewModel.swift */,
			);
			path = ViewModel;
			sourceTree = "<group>";
		};
		211CCB732C55426000DA1983 /* View */ = {
			isa = PBXGroup;
			children = (
				211CCB7A2C55429A00DA1983 /* Cell */,
				211CCB762C55428200DA1983 /* CartController.swift */,
				211CCB742C55427500DA1983 /* CartView.swift */,
			);
			path = View;
			sourceTree = "<group>";
		};
		211CCB7A2C55429A00DA1983 /* Cell */ = {
			isa = PBXGroup;
			children = (
				211CCB782C55429400DA1983 /* CartCollectionCell.swift */,
			);
			path = Cell;
			sourceTree = "<group>";
		};
		211CCB7D2C554CEE00DA1983 /* Checkout */ = {
			isa = PBXGroup;
			children = (
				211CCB7E2C554D1F00DA1983 /* CheckoutModel.swift */,
				211CCB802C554D3300DA1983 /* CheckoutController.swift */,
				211CCB822C554D4700DA1983 /* CheckoutView.swift */,
			);
			path = Checkout;
			sourceTree = "<group>";
		};
		211CCB842C5613D800DA1983 /* Profile */ = {
			isa = PBXGroup;
			children = (
				211CCB852C5613EA00DA1983 /* ViewModel */,
				211CCB862C5613F100DA1983 /* View */,
			);
			path = Profile;
			sourceTree = "<group>";
		};
		211CCB852C5613EA00DA1983 /* ViewModel */ = {
			isa = PBXGroup;
			children = (
				211CCB872C5613FE00DA1983 /* ProfileViewModel.swift */,
			);
			path = ViewModel;
			sourceTree = "<group>";
		};
		211CCB862C5613F100DA1983 /* View */ = {
			isa = PBXGroup;
			children = (
				211CCB892C56140800DA1983 /* ProfileController.swift */,
				211CCB8B2C56140E00DA1983 /* ProfileView.swift */,
			);
			path = View;
			sourceTree = "<group>";
		};
		211CCB8D2C56148B00DA1983 /* ResetPassword */ = {
			isa = PBXGroup;
			children = (
				211CCB8F2C5614A700DA1983 /* ViewModel */,
				211CCB8E2C5614A400DA1983 /* View */,
			);
			path = ResetPassword;
			sourceTree = "<group>";
		};
		211CCB8E2C5614A400DA1983 /* View */ = {
			isa = PBXGroup;
			children = (
				211CCB922C5614C900DA1983 /* ResetPasswordView.swift */,
				211CCB942C5614DC00DA1983 /* ResetPasswordController.swift */,
			);
			path = View;
			sourceTree = "<group>";
		};
		211CCB8F2C5614A700DA1983 /* ViewModel */ = {
			isa = PBXGroup;
			children = (
				211CCB902C5614BC00DA1983 /* ResetPasswordViewModel.swift */,
			);
			path = ViewModel;
			sourceTree = "<group>";
		};
		211CCB962C56385E00DA1983 /* OrderHistory */ = {
			isa = PBXGroup;
			children = (
				211CCB982C56387E00DA1983 /* ViewModel */,
				211CCB972C56387B00DA1983 /* View */,
				211CCBA12C563B4C00DA1983 /* OrderModel.swift */,
			);
			path = OrderHistory;
			sourceTree = "<group>";
		};
		211CCB972C56387B00DA1983 /* View */ = {
			isa = PBXGroup;
			children = (
				211CCBAB2C567F3C00DA1983 /* Cell */,
				211CCB9B2C5638A600DA1983 /* OrderHistoryController.swift */,
				211CCB9D2C5638C200DA1983 /* OrderHistoryView.swift */,
			);
			path = View;
			sourceTree = "<group>";
		};
		211CCB982C56387E00DA1983 /* ViewModel */ = {
			isa = PBXGroup;
			children = (
				211CCB992C56389800DA1983 /* OrderHistoryViewModel.swift */,
			);
			path = ViewModel;
			sourceTree = "<group>";
		};
		211CCBA32C565FDB00DA1983 /* PaymentSDK */ = {
			isa = PBXGroup;
			children = (
				211CCBA42C565FEB00DA1983 /* PaymentSDK.swift */,
			);
			path = PaymentSDK;
			sourceTree = "<group>";
		};
		211CCBA82C5660F500DA1983 /* PaymentModule */ = {
			isa = PBXGroup;
			children = (
				211CCBA62C56601300DA1983 /* PaymentDetailsViewController.swift */,
				211CCBA92C56645A00DA1983 /* OTPController.swift */,
			);
			path = PaymentModule;
			sourceTree = "<group>";
		};
		211CCBAB2C567F3C00DA1983 /* Cell */ = {
			isa = PBXGroup;
			children = (
				211CCB9F2C563AAF00DA1983 /* OrderCollectionCell.swift */,
			);
			path = Cell;
			sourceTree = "<group>";
		};
/* End PBXGroup section */

/* Begin PBXNativeTarget section */
		211CCAE62C54315500DA1983 /* E-Commerce */ = {
			isa = PBXNativeTarget;
			buildConfigurationList = 211CCAFB2C54315700DA1983 /* Build configuration list for PBXNativeTarget "E-Commerce" */;
			buildPhases = (
				211CCAE32C54315500DA1983 /* Sources */,
				211CCAE42C54315500DA1983 /* Frameworks */,
				211CCAE52C54315500DA1983 /* Resources */,
			);
			buildRules = (
			);
			dependencies = (
			);
			name = "E-Commerce";
			packageProductDependencies = (
				211CCB032C54330E00DA1983 /* FirebaseAuth */,
				211CCB052C54330E00DA1983 /* FirebaseDatabase */,
				211CCB072C54330E00DA1983 /* FirebaseFirestore */,
				211CCB092C54330E00DA1983 /* FirebaseStorage */,
				211CCB0C2C54331E00DA1983 /* Alamofire */,
				211CCB0E2C54331E00DA1983 /* AlamofireDynamic */,
				211CCB112C54332E00DA1983 /* SnapKit */,
				211CCB132C54332E00DA1983 /* SnapKit-Dynamic */,
			);
			productName = "E-Commerce";
			productReference = 211CCAE72C54315500DA1983 /* E-Commerce.app */;
			productType = "com.apple.product-type.application";
		};
/* End PBXNativeTarget section */

/* Begin PBXProject section */
		211CCADF2C54315500DA1983 /* Project object */ = {
			isa = PBXProject;
			attributes = {
				BuildIndependentTargetsInParallel = 1;
				LastSwiftUpdateCheck = 1530;
				LastUpgradeCheck = 1530;
				TargetAttributes = {
					211CCAE62C54315500DA1983 = {
						CreatedOnToolsVersion = 15.3;
					};
				};
			};
			buildConfigurationList = 211CCAE22C54315500DA1983 /* Build configuration list for PBXProject "E-Commerce" */;
			compatibilityVersion = "Xcode 14.0";
			developmentRegion = en;
			hasScannedForEncodings = 0;
			knownRegions = (
				en,
				Base,
			);
			mainGroup = 211CCADE2C54315500DA1983;
			packageReferences = (
				211CCB022C54330E00DA1983 /* XCRemoteSwiftPackageReference "firebase-ios-sdk" */,
				211CCB0B2C54331E00DA1983 /* XCRemoteSwiftPackageReference "Alamofire" */,
				211CCB102C54332D00DA1983 /* XCRemoteSwiftPackageReference "SnapKit" */,
			);
			productRefGroup = 211CCAE82C54315500DA1983 /* Products */;
			projectDirPath = "";
			projectRoot = "";
			targets = (
				211CCAE62C54315500DA1983 /* E-Commerce */,
			);
		};
/* End PBXProject section */

/* Begin PBXResourcesBuildPhase section */
		211CCAE52C54315500DA1983 /* Resources */ = {
			isa = PBXResourcesBuildPhase;
			buildActionMask = 2147483647;
			files = (
				211CCAF42C54315700DA1983 /* Assets.xcassets in Resources */,
				211CCAF72C54315700DA1983 /* Base in Resources */,
				211CCB402C54431400DA1983 /* GoogleService-Info.plist in Resources */,
			);
			runOnlyForDeploymentPostprocessing = 0;
		};
/* End PBXResourcesBuildPhase section */

/* Begin PBXSourcesBuildPhase section */
		211CCAE32C54315500DA1983 /* Sources */ = {
			isa = PBXSourcesBuildPhase;
			buildActionMask = 2147483647;
			files = (
				211CCB632C5512A000DA1983 /* CustomSearchController.swift in Sources */,
				211CCB772C55428200DA1983 /* CartController.swift in Sources */,
				211CCB952C5614DC00DA1983 /* ResetPasswordController.swift in Sources */,
				211CCB572C55111200DA1983 /* HomeView.swift in Sources */,
				211CCB5B2C55116200DA1983 /* CustomCollectionView.swift in Sources */,
				211CCB6C2C55355800DA1983 /* ProductDetailView.swift in Sources */,
				211CCB2A2C543C5E00DA1983 /* AuthViewModel.swift in Sources */,
				211CCB1F2C54369D00DA1983 /* NetworkHelper.swift in Sources */,
				211CCB8A2C56140800DA1983 /* ProfileController.swift in Sources */,
				211CCB482C550CEB00DA1983 /* HomeController.swift in Sources */,
				211CCB9E2C5638C200DA1983 /* OrderHistoryView.swift in Sources */,
				211CCBA52C565FEB00DA1983 /* PaymentSDK.swift in Sources */,
				211CCB5D2C5511B400DA1983 /* CustomPageControl.swift in Sources */,
				211CCB512C55105A00DA1983 /* ProductCollectionCell.swift in Sources */,
				211CCB6A2C55353500DA1983 /* ProductDetailController.swift in Sources */,
				211CCBA72C56601300DA1983 /* PaymentDetailsViewController.swift in Sources */,
				211CCB452C550CCA00DA1983 /* MainTabBarController.swift in Sources */,
				211CCB192C54360300DA1983 /* WebService.swift in Sources */,
				211CCB9A2C56389800DA1983 /* OrderHistoryViewModel.swift in Sources */,
				211CCB7F2C554D1F00DA1983 /* CheckoutModel.swift in Sources */,
				211CCB3E2C54409500DA1983 /* CustomAlert.swift in Sources */,
				211CCB2C2C543C7B00DA1983 /* SignUpController.swift in Sources */,
				211CCB792C55429400DA1983 /* CartCollectionCell.swift in Sources */,
				211CCB392C543ECE00DA1983 /* CustomButton.swift in Sources */,
				211CCB352C543E6700DA1983 /* CustomStackView.swift in Sources */,
				211CCB6F2C5541D900DA1983 /* CartViewModel.swift in Sources */,
				211CCBA02C563AAF00DA1983 /* OrderCollectionCell.swift in Sources */,
				211CCB302C543CBE00DA1983 /* SignUpView.swift in Sources */,
				211CCB752C55427500DA1983 /* CartView.swift in Sources */,
				211CCAEF2C54315500DA1983 /* SignInController.swift in Sources */,
				211CCB172C5435D400DA1983 /* Product.swift in Sources */,
				211CCB592C55113C00DA1983 /* CustomSearchBar.swift in Sources */,
				211CCB812C554D3300DA1983 /* CheckoutController.swift in Sources */,
				211CCB4C2C550FAD00DA1983 /* ProductsViewModel.swift in Sources */,
				211CCB422C550A6E00DA1983 /* SignInView.swift in Sources */,
				211CCB882C5613FE00DA1983 /* ProfileViewModel.swift in Sources */,
				211CCB1D2C54368C00DA1983 /* NetworkManager.swift in Sources */,
				211CCBAA2C56645A00DA1983 /* OTPController.swift in Sources */,
				211CCB912C5614BC00DA1983 /* ResetPasswordViewModel.swift in Sources */,
				211CCB282C543C4700DA1983 /* User.swift in Sources */,
				211CCB332C543E3D00DA1983 /* CustomLabel.swift in Sources */,
				211CCB932C5614C900DA1983 /* ResetPasswordView.swift in Sources */,
				211CCB7C2C55456800DA1983 /* CustomPresentationController.swift in Sources */,
				211CCB682C55351800DA1983 /* ProductDetailViewModel.swift in Sources */,
				211CCAEB2C54315500DA1983 /* AppDelegate.swift in Sources */,
				211CCB4E2C550FE300DA1983 /* HomeProfileViewModel.swift in Sources */,
				211CCB8C2C56140E00DA1983 /* ProfileView.swift in Sources */,
				211CCB532C55108A00DA1983 /* CustomView.swift in Sources */,
				211CCB1B2C54364200DA1983 /* WebHelper.swift in Sources */,
				211CCB3B2C543F1300DA1983 /* Extensions.swift in Sources */,
				211CCB832C554D4700DA1983 /* CheckoutView.swift in Sources */,
				211CCAED2C54315500DA1983 /* SceneDelegate.swift in Sources */,
				211CCB372C543E9700DA1983 /* CustomTextField.swift in Sources */,
				211CCB552C55109C00DA1983 /* CustomImageView.swift in Sources */,
				211CCB9C2C5638A600DA1983 /* OrderHistoryController.swift in Sources */,
				211CCBA22C563B4C00DA1983 /* OrderModel.swift in Sources */,
			);
			runOnlyForDeploymentPostprocessing = 0;
		};
/* End PBXSourcesBuildPhase section */

/* Begin PBXVariantGroup section */
		211CCAF52C54315700DA1983 /* LaunchScreen.storyboard */ = {
			isa = PBXVariantGroup;
			children = (
				211CCAF62C54315700DA1983 /* Base */,
			);
			name = LaunchScreen.storyboard;
			sourceTree = "<group>";
		};
/* End PBXVariantGroup section */

/* Begin XCBuildConfiguration section */
		211CCAF92C54315700DA1983 /* Debug */ = {
			isa = XCBuildConfiguration;
			buildSettings = {
				ALWAYS_SEARCH_USER_PATHS = NO;
				ASSETCATALOG_COMPILER_GENERATE_SWIFT_ASSET_SYMBOL_EXTENSIONS = YES;
				CLANG_ANALYZER_NONNULL = YES;
				CLANG_ANALYZER_NUMBER_OBJECT_CONVERSION = YES_AGGRESSIVE;
				CLANG_CXX_LANGUAGE_STANDARD = "gnu++20";
				CLANG_ENABLE_MODULES = YES;
				CLANG_ENABLE_OBJC_ARC = YES;
				CLANG_ENABLE_OBJC_WEAK = YES;
				CLANG_WARN_BLOCK_CAPTURE_AUTORELEASING = YES;
				CLANG_WARN_BOOL_CONVERSION = YES;
				CLANG_WARN_COMMA = YES;
				CLANG_WARN_CONSTANT_CONVERSION = YES;
				CLANG_WARN_DEPRECATED_OBJC_IMPLEMENTATIONS = YES;
				CLANG_WARN_DIRECT_OBJC_ISA_USAGE = YES_ERROR;
				CLANG_WARN_DOCUMENTATION_COMMENTS = YES;
				CLANG_WARN_EMPTY_BODY = YES;
				CLANG_WARN_ENUM_CONVERSION = YES;
				CLANG_WARN_INFINITE_RECURSION = YES;
				CLANG_WARN_INT_CONVERSION = YES;
				CLANG_WARN_NON_LITERAL_NULL_CONVERSION = YES;
				CLANG_WARN_OBJC_IMPLICIT_RETAIN_SELF = YES;
				CLANG_WARN_OBJC_LITERAL_CONVERSION = YES;
				CLANG_WARN_OBJC_ROOT_CLASS = YES_ERROR;
				CLANG_WARN_QUOTED_INCLUDE_IN_FRAMEWORK_HEADER = YES;
				CLANG_WARN_RANGE_LOOP_ANALYSIS = YES;
				CLANG_WARN_STRICT_PROTOTYPES = YES;
				CLANG_WARN_SUSPICIOUS_MOVE = YES;
				CLANG_WARN_UNGUARDED_AVAILABILITY = YES_AGGRESSIVE;
				CLANG_WARN_UNREACHABLE_CODE = YES;
				CLANG_WARN__DUPLICATE_METHOD_MATCH = YES;
				COPY_PHASE_STRIP = NO;
				DEBUG_INFORMATION_FORMAT = dwarf;
				ENABLE_STRICT_OBJC_MSGSEND = YES;
				ENABLE_TESTABILITY = YES;
				ENABLE_USER_SCRIPT_SANDBOXING = YES;
				GCC_C_LANGUAGE_STANDARD = gnu17;
				GCC_DYNAMIC_NO_PIC = NO;
				GCC_NO_COMMON_BLOCKS = YES;
				GCC_OPTIMIZATION_LEVEL = 0;
				GCC_PREPROCESSOR_DEFINITIONS = (
					"DEBUG=1",
					"$(inherited)",
				);
				GCC_WARN_64_TO_32_BIT_CONVERSION = YES;
				GCC_WARN_ABOUT_RETURN_TYPE = YES_ERROR;
				GCC_WARN_UNDECLARED_SELECTOR = YES;
				GCC_WARN_UNINITIALIZED_AUTOS = YES_AGGRESSIVE;
				GCC_WARN_UNUSED_FUNCTION = YES;
				GCC_WARN_UNUSED_VARIABLE = YES;
				IPHONEOS_DEPLOYMENT_TARGET = 17.4;
				LOCALIZATION_PREFERS_STRING_CATALOGS = YES;
				MTL_ENABLE_DEBUG_INFO = INCLUDE_SOURCE;
				MTL_FAST_MATH = YES;
				ONLY_ACTIVE_ARCH = YES;
				SDKROOT = iphoneos;
				SWIFT_ACTIVE_COMPILATION_CONDITIONS = "DEBUG $(inherited)";
				SWIFT_OPTIMIZATION_LEVEL = "-Onone";
			};
			name = Debug;
		};
		211CCAFA2C54315700DA1983 /* Release */ = {
			isa = XCBuildConfiguration;
			buildSettings = {
				ALWAYS_SEARCH_USER_PATHS = NO;
				ASSETCATALOG_COMPILER_GENERATE_SWIFT_ASSET_SYMBOL_EXTENSIONS = YES;
				CLANG_ANALYZER_NONNULL = YES;
				CLANG_ANALYZER_NUMBER_OBJECT_CONVERSION = YES_AGGRESSIVE;
				CLANG_CXX_LANGUAGE_STANDARD = "gnu++20";
				CLANG_ENABLE_MODULES = YES;
				CLANG_ENABLE_OBJC_ARC = YES;
				CLANG_ENABLE_OBJC_WEAK = YES;
				CLANG_WARN_BLOCK_CAPTURE_AUTORELEASING = YES;
				CLANG_WARN_BOOL_CONVERSION = YES;
				CLANG_WARN_COMMA = YES;
				CLANG_WARN_CONSTANT_CONVERSION = YES;
				CLANG_WARN_DEPRECATED_OBJC_IMPLEMENTATIONS = YES;
				CLANG_WARN_DIRECT_OBJC_ISA_USAGE = YES_ERROR;
				CLANG_WARN_DOCUMENTATION_COMMENTS = YES;
				CLANG_WARN_EMPTY_BODY = YES;
				CLANG_WARN_ENUM_CONVERSION = YES;
				CLANG_WARN_INFINITE_RECURSION = YES;
				CLANG_WARN_INT_CONVERSION = YES;
				CLANG_WARN_NON_LITERAL_NULL_CONVERSION = YES;
				CLANG_WARN_OBJC_IMPLICIT_RETAIN_SELF = YES;
				CLANG_WARN_OBJC_LITERAL_CONVERSION = YES;
				CLANG_WARN_OBJC_ROOT_CLASS = YES_ERROR;
				CLANG_WARN_QUOTED_INCLUDE_IN_FRAMEWORK_HEADER = YES;
				CLANG_WARN_RANGE_LOOP_ANALYSIS = YES;
				CLANG_WARN_STRICT_PROTOTYPES = YES;
				CLANG_WARN_SUSPICIOUS_MOVE = YES;
				CLANG_WARN_UNGUARDED_AVAILABILITY = YES_AGGRESSIVE;
				CLANG_WARN_UNREACHABLE_CODE = YES;
				CLANG_WARN__DUPLICATE_METHOD_MATCH = YES;
				COPY_PHASE_STRIP = NO;
				DEBUG_INFORMATION_FORMAT = "dwarf-with-dsym";
				ENABLE_NS_ASSERTIONS = NO;
				ENABLE_STRICT_OBJC_MSGSEND = YES;
				ENABLE_USER_SCRIPT_SANDBOXING = YES;
				GCC_C_LANGUAGE_STANDARD = gnu17;
				GCC_NO_COMMON_BLOCKS = YES;
				GCC_WARN_64_TO_32_BIT_CONVERSION = YES;
				GCC_WARN_ABOUT_RETURN_TYPE = YES_ERROR;
				GCC_WARN_UNDECLARED_SELECTOR = YES;
				GCC_WARN_UNINITIALIZED_AUTOS = YES_AGGRESSIVE;
				GCC_WARN_UNUSED_FUNCTION = YES;
				GCC_WARN_UNUSED_VARIABLE = YES;
				IPHONEOS_DEPLOYMENT_TARGET = 17.4;
				LOCALIZATION_PREFERS_STRING_CATALOGS = YES;
				MTL_ENABLE_DEBUG_INFO = NO;
				MTL_FAST_MATH = YES;
				SDKROOT = iphoneos;
				SWIFT_COMPILATION_MODE = wholemodule;
				VALIDATE_PRODUCT = YES;
			};
			name = Release;
		};
		211CCAFC2C54315700DA1983 /* Debug */ = {
			isa = XCBuildConfiguration;
			buildSettings = {
				ASSETCATALOG_COMPILER_APPICON_NAME = AppIcon;
				ASSETCATALOG_COMPILER_GLOBAL_ACCENT_COLOR_NAME = AccentColor;
				CODE_SIGN_STYLE = Automatic;
				CURRENT_PROJECT_VERSION = 1;
				DEVELOPMENT_TEAM = FAHJ57W2W9;
				GENERATE_INFOPLIST_FILE = YES;
				INFOPLIST_FILE = "E-Commerce/Info.plist";
				INFOPLIST_KEY_UIApplicationSupportsIndirectInputEvents = YES;
				INFOPLIST_KEY_UILaunchStoryboardName = LaunchScreen;
				INFOPLIST_KEY_UISupportedInterfaceOrientations_iPad = "UIInterfaceOrientationPortrait UIInterfaceOrientationPortraitUpsideDown UIInterfaceOrientationLandscapeLeft UIInterfaceOrientationLandscapeRight";
				INFOPLIST_KEY_UISupportedInterfaceOrientations_iPhone = "UIInterfaceOrientationPortrait UIInterfaceOrientationLandscapeLeft UIInterfaceOrientationLandscapeRight";
				IPHONEOS_DEPLOYMENT_TARGET = 15.0;
				LD_RUNPATH_SEARCH_PATHS = (
					"$(inherited)",
					"@executable_path/Frameworks",
				);
				MARKETING_VERSION = 1.0;
				PRODUCT_BUNDLE_IDENTIFIER = "com.oguzhanakin.E-Commerce";
				PRODUCT_NAME = "$(TARGET_NAME)";
				SUPPORTED_PLATFORMS = "iphoneos iphonesimulator";
				SUPPORTS_MACCATALYST = NO;
				SUPPORTS_MAC_DESIGNED_FOR_IPHONE_IPAD = NO;
				SUPPORTS_XR_DESIGNED_FOR_IPHONE_IPAD = NO;
				SWIFT_EMIT_LOC_STRINGS = YES;
				SWIFT_VERSION = 5.0;
				TARGETED_DEVICE_FAMILY = 1;
			};
			name = Debug;
		};
		211CCAFD2C54315700DA1983 /* Release */ = {
			isa = XCBuildConfiguration;
			buildSettings = {
				ASSETCATALOG_COMPILER_APPICON_NAME = AppIcon;
				ASSETCATALOG_COMPILER_GLOBAL_ACCENT_COLOR_NAME = AccentColor;
				CODE_SIGN_STYLE = Automatic;
				CURRENT_PROJECT_VERSION = 1;
				DEVELOPMENT_TEAM = FAHJ57W2W9;
				GENERATE_INFOPLIST_FILE = YES;
				INFOPLIST_FILE = "E-Commerce/Info.plist";
				INFOPLIST_KEY_UIApplicationSupportsIndirectInputEvents = YES;
				INFOPLIST_KEY_UILaunchStoryboardName = LaunchScreen;
				INFOPLIST_KEY_UISupportedInterfaceOrientations_iPad = "UIInterfaceOrientationPortrait UIInterfaceOrientationPortraitUpsideDown UIInterfaceOrientationLandscapeLeft UIInterfaceOrientationLandscapeRight";
				INFOPLIST_KEY_UISupportedInterfaceOrientations_iPhone = "UIInterfaceOrientationPortrait UIInterfaceOrientationLandscapeLeft UIInterfaceOrientationLandscapeRight";
				IPHONEOS_DEPLOYMENT_TARGET = 15.0;
				LD_RUNPATH_SEARCH_PATHS = (
					"$(inherited)",
					"@executable_path/Frameworks",
				);
				MARKETING_VERSION = 1.0;
				PRODUCT_BUNDLE_IDENTIFIER = "com.oguzhanakin.E-Commerce";
				PRODUCT_NAME = "$(TARGET_NAME)";
				SUPPORTED_PLATFORMS = "iphoneos iphonesimulator";
				SUPPORTS_MACCATALYST = NO;
				SUPPORTS_MAC_DESIGNED_FOR_IPHONE_IPAD = NO;
				SUPPORTS_XR_DESIGNED_FOR_IPHONE_IPAD = NO;
				SWIFT_EMIT_LOC_STRINGS = YES;
				SWIFT_VERSION = 5.0;
				TARGETED_DEVICE_FAMILY = 1;
			};
			name = Release;
		};
/* End XCBuildConfiguration section */

/* Begin XCConfigurationList section */
		211CCAE22C54315500DA1983 /* Build configuration list for PBXProject "E-Commerce" */ = {
			isa = XCConfigurationList;
			buildConfigurations = (
				211CCAF92C54315700DA1983 /* Debug */,
				211CCAFA2C54315700DA1983 /* Release */,
			);
			defaultConfigurationIsVisible = 0;
			defaultConfigurationName = Release;
		};
		211CCAFB2C54315700DA1983 /* Build configuration list for PBXNativeTarget "E-Commerce" */ = {
			isa = XCConfigurationList;
			buildConfigurations = (
				211CCAFC2C54315700DA1983 /* Debug */,
				211CCAFD2C54315700DA1983 /* Release */,
			);
			defaultConfigurationIsVisible = 0;
			defaultConfigurationName = Release;
		};
/* End XCConfigurationList section */

/* Begin XCRemoteSwiftPackageReference section */
		211CCB022C54330E00DA1983 /* XCRemoteSwiftPackageReference "firebase-ios-sdk" */ = {
			isa = XCRemoteSwiftPackageReference;
			repositoryURL = "https://github.com/firebase/firebase-ios-sdk.git";
			requirement = {
				kind = upToNextMajorVersion;
				minimumVersion = 10.29.0;
			};
		};
		211CCB0B2C54331E00DA1983 /* XCRemoteSwiftPackageReference "Alamofire" */ = {
			isa = XCRemoteSwiftPackageReference;
			repositoryURL = "https://github.com/Alamofire/Alamofire.git";
			requirement = {
				kind = upToNextMajorVersion;
				minimumVersion = 5.9.1;
			};
		};
		211CCB102C54332D00DA1983 /* XCRemoteSwiftPackageReference "SnapKit" */ = {
			isa = XCRemoteSwiftPackageReference;
			repositoryURL = "https://github.com/SnapKit/SnapKit.git";
			requirement = {
				kind = upToNextMajorVersion;
				minimumVersion = 5.7.1;
			};
		};
/* End XCRemoteSwiftPackageReference section */

/* Begin XCSwiftPackageProductDependency section */
		211CCB032C54330E00DA1983 /* FirebaseAuth */ = {
			isa = XCSwiftPackageProductDependency;
			package = 211CCB022C54330E00DA1983 /* XCRemoteSwiftPackageReference "firebase-ios-sdk" */;
			productName = FirebaseAuth;
		};
		211CCB052C54330E00DA1983 /* FirebaseDatabase */ = {
			isa = XCSwiftPackageProductDependency;
			package = 211CCB022C54330E00DA1983 /* XCRemoteSwiftPackageReference "firebase-ios-sdk" */;
			productName = FirebaseDatabase;
		};
		211CCB072C54330E00DA1983 /* FirebaseFirestore */ = {
			isa = XCSwiftPackageProductDependency;
			package = 211CCB022C54330E00DA1983 /* XCRemoteSwiftPackageReference "firebase-ios-sdk" */;
			productName = FirebaseFirestore;
		};
		211CCB092C54330E00DA1983 /* FirebaseStorage */ = {
			isa = XCSwiftPackageProductDependency;
			package = 211CCB022C54330E00DA1983 /* XCRemoteSwiftPackageReference "firebase-ios-sdk" */;
			productName = FirebaseStorage;
		};
		211CCB0C2C54331E00DA1983 /* Alamofire */ = {
			isa = XCSwiftPackageProductDependency;
			package = 211CCB0B2C54331E00DA1983 /* XCRemoteSwiftPackageReference "Alamofire" */;
			productName = Alamofire;
		};
		211CCB0E2C54331E00DA1983 /* AlamofireDynamic */ = {
			isa = XCSwiftPackageProductDependency;
			package = 211CCB0B2C54331E00DA1983 /* XCRemoteSwiftPackageReference "Alamofire" */;
			productName = AlamofireDynamic;
		};
		211CCB112C54332E00DA1983 /* SnapKit */ = {
			isa = XCSwiftPackageProductDependency;
			package = 211CCB102C54332D00DA1983 /* XCRemoteSwiftPackageReference "SnapKit" */;
			productName = SnapKit;
		};
		211CCB132C54332E00DA1983 /* SnapKit-Dynamic */ = {
			isa = XCSwiftPackageProductDependency;
			package = 211CCB102C54332D00DA1983 /* XCRemoteSwiftPackageReference "SnapKit" */;
			productName = "SnapKit-Dynamic";
		};
/* End XCSwiftPackageProductDependency section */
	};
	rootObject = 211CCADF2C54315500DA1983 /* Project object */;
}
